
Microsoft Visual Studio Solution File, Format Version 12.00
# Visual Studio 15
VisualStudioVersion = 15.0.27130.2010
MinimumVisualStudioVersion = 10.0.40219.1
Project("{FAE04EC0-301F-11D3-BF4B-00C04F79EFBC}") = "SampleGL", "SampleGL\SampleGL.csproj", "{AE7C3D45-C3AB-4580-BCB3-F0C16327C2E3}"
EndProject
Global
	GlobalSection(SolutionConfigurationPlatforms) = preSolution
		Debug|Any CPU = Debug|Any CPU
		Release|Any CPU = Release|Any CPU
	EndGlobalSection
	GlobalSection(ProjectConfigurationPlatforms) = postSolution
		{AE7C3D45-C3AB-4580-BCB3-F0C16327C2E3}.Debug|Any CPU.ActiveCfg = Debug|Any CPU
		{AE7C3D45-C3AB-4580-BCB3-F0C16327C2E3}.Debug|Any CPU.Build.0 = Debug|Any CPU
		{AE7C3D45-C3AB-4580-BCB3-F0C16327C2E3}.Release|Any CPU.ActiveCfg = Release|Any CPU
		{AE7C3D45-C3AB-4580-BCB3-F0C16327C2E3}.Release|Any CPU.Build.0 = Release|Any CPU
	EndGlobalSection
	GlobalSection(SolutionProperties) = preSolution
		HideSolutionNode = FALSE
	EndGlobalSection
	GlobalSection(ExtensibilityGlobals) = postSolution
		SolutionGuid = {63CC218E-10C5-445E-86E5-355F4173CA78}
	EndGlobalSection
EndGlobal
